
Microsoft Visual Studio Solution File, Format Version 12.00
# Visual Studio Version 17
VisualStudioVersion = 17.0.31903.59
MinimumVisualStudioVersion = 10.0.40219.1
Project("{FAE04EC0-301F-11D3-BF4B-00C04F79EFBC}") = "ConsoleAppRunner", "ConsoleAppRunner\ConsoleAppRunner.csproj", "{B14903F4-11E7-485C-8B16-7B3ED8A46806}"
EndProject
Project("{FAE04EC0-301F-11D3-BF4B-00C04F79EFBC}") = "ConsoleAppTestSubject", "ConsoleAppTestSubject\ConsoleAppTestSubject.csproj", "{29B3D318-BA70-41A5-B7B2-2A85F9CD4515}"
EndProject
Project("{2150E333-8FDC-42A3-9474-1A3956D46DE8}") = "build", "build", "{C37C2AF8-B565-4B40-88B9-6E856885D037}"
	ProjectSection(SolutionItems) = preProject
		global.json = global.json
		readme.md = readme.md
		Directory.Build.props = Directory.Build.props
		.gitignore = .gitignore
		.editorconfig = .editorconfig
	EndProjectSection
EndProject
Global
	GlobalSection(SolutionConfigurationPlatforms) = preSolution
		Debug|Any CPU = Debug|Any CPU
		Release|Any CPU = Release|Any CPU
	EndGlobalSection
	GlobalSection(SolutionProperties) = preSolution
		HideSolutionNode = FALSE
	EndGlobalSection
	GlobalSection(ProjectConfigurationPlatforms) = postSolution
		{B14903F4-11E7-485C-8B16-7B3ED8A46806}.Debug|Any CPU.ActiveCfg = Debug|Any CPU
		{B14903F4-11E7-485C-8B16-7B3ED8A46806}.Debug|Any CPU.Build.0 = Debug|Any CPU
		{B14903F4-11E7-485C-8B16-7B3ED8A46806}.Release|Any CPU.ActiveCfg = Release|Any CPU
		{B14903F4-11E7-485C-8B16-7B3ED8A46806}.Release|Any CPU.Build.0 = Release|Any CPU
		{29B3D318-BA70-41A5-B7B2-2A85F9CD4515}.Debug|Any CPU.ActiveCfg = Debug|Any CPU
		{29B3D318-BA70-41A5-B7B2-2A85F9CD4515}.Debug|Any CPU.Build.0 = Debug|Any CPU
		{29B3D318-BA70-41A5-B7B2-2A85F9CD4515}.Release|Any CPU.ActiveCfg = Release|Any CPU
		{29B3D318-BA70-41A5-B7B2-2A85F9CD4515}.Release|Any CPU.Build.0 = Release|Any CPU
	EndGlobalSection
EndGlobal
